// !$*UTF8*$!
{
	archiveVersion = 1;
	classes = {
	};
	objectVersion = 46;
	objects = {

/* Begin PBXBuildFile section */
		9F4B44A91A4851D9001AB8BA /* main.m in Sources */ = {isa = PBXBuildFile; fileRef = 9F4B44A81A4851D9001AB8BA /* main.m */; };
		9F4B44AC1A4851D9001AB8BA /* AppDelegate.m in Sources */ = {isa = PBXBuildFile; fileRef = 9F4B44AB1A4851D9001AB8BA /* AppDelegate.m */; };
		9F4B44AF1A4851D9001AB8BA /* TaxiViet.xcdatamodeld in Sources */ = {isa = PBXBuildFile; fileRef = 9F4B44AD1A4851D9001AB8BA /* TaxiViet.xcdatamodeld */; };
		9F4B44B51A4851D9001AB8BA /* Main.storyboard in Resources */ = {isa = PBXBuildFile; fileRef = 9F4B44B31A4851D9001AB8BA /* Main.storyboard */; };
		9F4B44B71A4851D9001AB8BA /* Images.xcassets in Resources */ = {isa = PBXBuildFile; fileRef = 9F4B44B61A4851D9001AB8BA /* Images.xcassets */; };
		9F4B44BA1A4851D9001AB8BA /* LaunchScreen.xib in Resources */ = {isa = PBXBuildFile; fileRef = 9F4B44B81A4851D9001AB8BA /* LaunchScreen.xib */; };
		9F4B44C61A4851D9001AB8BA /* TaxiVietTests.m in Sources */ = {isa = PBXBuildFile; fileRef = 9F4B44C51A4851D9001AB8BA /* TaxiVietTests.m */; };
		9FEE0B241A4927BB0054970D /* MainViewController.m in Sources */ = {isa = PBXBuildFile; fileRef = 9FEE0B161A4927BB0054970D /* MainViewController.m */; };
		9FEE0B251A4927BB0054970D /* MainViewController.xib in Resources */ = {isa = PBXBuildFile; fileRef = 9FEE0B171A4927BB0054970D /* MainViewController.xib */; };
		9FEE0B271A4927BB0054970D /* LeftVC.m in Sources */ = {isa = PBXBuildFile; fileRef = 9FEE0B1C1A4927BB0054970D /* LeftVC.m */; };
		9FEE0B281A4927BB0054970D /* LRNavigationController.m in Sources */ = {isa = PBXBuildFile; fileRef = 9FEE0B1E1A4927BB0054970D /* LRNavigationController.m */; };
		9FEE0B291A4927BB0054970D /* RightVC.m in Sources */ = {isa = PBXBuildFile; fileRef = 9FEE0B201A4927BB0054970D /* RightVC.m */; };
		9FEE0B2A1A4927BB0054970D /* SliderViewController.m in Sources */ = {isa = PBXBuildFile; fileRef = 9FEE0B221A4927BB0054970D /* SliderViewController.m */; };
		9FEE0B301A4928FB0054970D /* 1111.png in Resources */ = {isa = PBXBuildFile; fileRef = 9FEE0B2D1A4928FB0054970D /* 1111.png */; };
		9FEE0B311A4928FB0054970D /* 2222.png in Resources */ = {isa = PBXBuildFile; fileRef = 9FEE0B2E1A4928FB0054970D /* 2222.png */; };
		9FEE0B321A4928FB0054970D /* 3333.png in Resources */ = {isa = PBXBuildFile; fileRef = 9FEE0B2F1A4928FB0054970D /* 3333.png */; };
		9FEE0B361A4929ED0054970D /* AboutViewController.m in Sources */ = {isa = PBXBuildFile; fileRef = 9FEE0B341A4929ED0054970D /* AboutViewController.m */; };
		9FEE0B371A4929ED0054970D /* AboutViewController.xib in Resources */ = {isa = PBXBuildFile; fileRef = 9FEE0B351A4929ED0054970D /* AboutViewController.xib */; };
		9FEE0B3B1A4929FF0054970D /* FavoriteViewController.m in Sources */ = {isa = PBXBuildFile; fileRef = 9FEE0B391A4929FF0054970D /* FavoriteViewController.m */; };
		9FEE0B3C1A4929FF0054970D /* FavoriteViewController.xib in Resources */ = {isa = PBXBuildFile; fileRef = 9FEE0B3A1A4929FF0054970D /* FavoriteViewController.xib */; };
		9FEE0B411A494F750054970D /* ShareViewController.m in Sources */ = {isa = PBXBuildFile; fileRef = 9FEE0B3F1A494F750054970D /* ShareViewController.m */; };
		9FEE0B421A494F750054970D /* ShareViewController.xib in Resources */ = {isa = PBXBuildFile; fileRef = 9FEE0B401A494F750054970D /* ShareViewController.xib */; };
		9FEE0B611A49552A0054970D /* about_icon@2x.png in Resources */ = {isa = PBXBuildFile; fileRef = 9FEE0B5B1A49552A0054970D /* about_icon@2x.png */; };
		9FEE0B621A49552A0054970D /* favorite_icon@2x.png in Resources */ = {isa = PBXBuildFile; fileRef = 9FEE0B5C1A49552A0054970D /* favorite_icon@2x.png */; };
		9FEE0B631A49552A0054970D /* home_icon@2x.png in Resources */ = {isa = PBXBuildFile; fileRef = 9FEE0B5D1A49552A0054970D /* home_icon@2x.png */; };
		9FEE0B641A49552A0054970D /* menu_button@2x.png in Resources */ = {isa = PBXBuildFile; fileRef = 9FEE0B5E1A49552A0054970D /* menu_button@2x.png */; };
		9FEE0B651A49552A0054970D /* share_icon@2x.png in Resources */ = {isa = PBXBuildFile; fileRef = 9FEE0B5F1A49552A0054970D /* share_icon@2x.png */; };
		9FEE0B661A49552A0054970D /* you_icon@2x.png in Resources */ = {isa = PBXBuildFile; fileRef = 9FEE0B601A49552A0054970D /* you_icon@2x.png */; };
/* End PBXBuildFile section */

/* Begin PBXContainerItemProxy section */
		9F4B44C01A4851D9001AB8BA /* PBXContainerItemProxy */ = {
			isa = PBXContainerItemProxy;
			containerPortal = 9F4B449B1A4851D9001AB8BA /* Project object */;
			proxyType = 1;
			remoteGlobalIDString = 9F4B44A21A4851D9001AB8BA;
			remoteInfo = TaxiViet;
		};
/* End PBXContainerItemProxy section */

/* Begin PBXFileReference section */
		9F4B44A31A4851D9001AB8BA /* TaxiViet.app */ = {isa = PBXFileReference; explicitFileType = wrapper.application; includeInIndex = 0; path = TaxiViet.app; sourceTree = BUILT_PRODUCTS_DIR; };
		9F4B44A71A4851D9001AB8BA /* Info.plist */ = {isa = PBXFileReference; lastKnownFileType = text.plist.xml; path = Info.plist; sourceTree = "<group>"; };
		9F4B44A81A4851D9001AB8BA /* main.m */ = {isa = PBXFileReference; lastKnownFileType = sourcecode.c.objc; path = main.m; sourceTree = "<group>"; };
		9F4B44AA1A4851D9001AB8BA /* AppDelegate.h */ = {isa = PBXFileReference; lastKnownFileType = sourcecode.c.h; path = AppDelegate.h; sourceTree = "<group>"; };
		9F4B44AB1A4851D9001AB8BA /* AppDelegate.m */ = {isa = PBXFileReference; lastKnownFileType = sourcecode.c.objc; path = AppDelegate.m; sourceTree = "<group>"; };
		9F4B44AE1A4851D9001AB8BA /* TaxiViet.xcdatamodel */ = {isa = PBXFileReference; lastKnownFileType = wrapper.xcdatamodel; path = TaxiViet.xcdatamodel; sourceTree = "<group>"; };
		9F4B44B41A4851D9001AB8BA /* Base */ = {isa = PBXFileReference; lastKnownFileType = file.storyboard; name = Base; path = Base.lproj/Main.storyboard; sourceTree = "<group>"; };
		9F4B44B61A4851D9001AB8BA /* Images.xcassets */ = {isa = PBXFileReference; lastKnownFileType = folder.assetcatalog; path = Images.xcassets; sourceTree = "<group>"; };
		9F4B44B91A4851D9001AB8BA /* Base */ = {isa = PBXFileReference; lastKnownFileType = file.xib; name = Base; path = Base.lproj/LaunchScreen.xib; sourceTree = "<group>"; };
		9F4B44BF1A4851D9001AB8BA /* TaxiVietTests.xctest */ = {isa = PBXFileReference; explicitFileType = wrapper.cfbundle; includeInIndex = 0; path = TaxiVietTests.xctest; sourceTree = BUILT_PRODUCTS_DIR; };
		9F4B44C41A4851D9001AB8BA /* Info.plist */ = {isa = PBXFileReference; lastKnownFileType = text.plist.xml; path = Info.plist; sourceTree = "<group>"; };
		9F4B44C51A4851D9001AB8BA /* TaxiVietTests.m */ = {isa = PBXFileReference; lastKnownFileType = sourcecode.c.objc; path = TaxiVietTests.m; sourceTree = "<group>"; };
		9FEE0B131A4926C70054970D /* TaxiViet-Prefix.pch */ = {isa = PBXFileReference; lastKnownFileType = sourcecode.c.h; path = "TaxiViet-Prefix.pch"; sourceTree = "<group>"; };
		9FEE0B151A4927BB0054970D /* MainViewController.h */ = {isa = PBXFileReference; fileEncoding = 4; lastKnownFileType = sourcecode.c.h; path = MainViewController.h; sourceTree = "<group>"; };
		9FEE0B161A4927BB0054970D /* MainViewController.m */ = {isa = PBXFileReference; fileEncoding = 4; lastKnownFileType = sourcecode.c.objc; path = MainViewController.m; sourceTree = "<group>"; };
		9FEE0B171A4927BB0054970D /* MainViewController.xib */ = {isa = PBXFileReference; fileEncoding = 4; lastKnownFileType = file.xib; path = MainViewController.xib; sourceTree = "<group>"; };
		9FEE0B1B1A4927BB0054970D /* LeftVC.h */ = {isa = PBXFileReference; fileEncoding = 4; lastKnownFileType = sourcecode.c.h; path = LeftVC.h; sourceTree = "<group>"; };
		9FEE0B1C1A4927BB0054970D /* LeftVC.m */ = {isa = PBXFileReference; fileEncoding = 4; lastKnownFileType = sourcecode.c.objc; path = LeftVC.m; sourceTree = "<group>"; };
		9FEE0B1D1A4927BB0054970D /* LRNavigationController.h */ = {isa = PBXFileReference; fileEncoding = 4; lastKnownFileType = sourcecode.c.h; path = LRNavigationController.h; sourceTree = "<group>"; };
		9FEE0B1E1A4927BB0054970D /* LRNavigationController.m */ = {isa = PBXFileReference; fileEncoding = 4; lastKnownFileType = sourcecode.c.objc; path = LRNavigationController.m; sourceTree = "<group>"; };
		9FEE0B1F1A4927BB0054970D /* RightVC.h */ = {isa = PBXFileReference; fileEncoding = 4; lastKnownFileType = sourcecode.c.h; path = RightVC.h; sourceTree = "<group>"; };
		9FEE0B201A4927BB0054970D /* RightVC.m */ = {isa = PBXFileReference; fileEncoding = 4; lastKnownFileType = sourcecode.c.objc; path = RightVC.m; sourceTree = "<group>"; };
		9FEE0B211A4927BB0054970D /* SliderViewController.h */ = {isa = PBXFileReference; fileEncoding = 4; lastKnownFileType = sourcecode.c.h; path = SliderViewController.h; sourceTree = "<group>"; };
		9FEE0B221A4927BB0054970D /* SliderViewController.m */ = {isa = PBXFileReference; fileEncoding = 4; lastKnownFileType = sourcecode.c.objc; path = SliderViewController.m; sourceTree = "<group>"; };
		9FEE0B2B1A4927CC0054970D /* Constant.h */ = {isa = PBXFileReference; lastKnownFileType = sourcecode.c.h; path = Constant.h; sourceTree = "<group>"; };
		9FEE0B2D1A4928FB0054970D /* 1111.png */ = {isa = PBXFileReference; lastKnownFileType = image.png; path = 1111.png; sourceTree = "<group>"; };
		9FEE0B2E1A4928FB0054970D /* 2222.png */ = {isa = PBXFileReference; lastKnownFileType = image.png; path = 2222.png; sourceTree = "<group>"; };
		9FEE0B2F1A4928FB0054970D /* 3333.png */ = {isa = PBXFileReference; lastKnownFileType = image.png; path = 3333.png; sourceTree = "<group>"; };
		9FEE0B331A4929ED0054970D /* AboutViewController.h */ = {isa = PBXFileReference; fileEncoding = 4; lastKnownFileType = sourcecode.c.h; path = AboutViewController.h; sourceTree = "<group>"; };
		9FEE0B341A4929ED0054970D /* AboutViewController.m */ = {isa = PBXFileReference; fileEncoding = 4; lastKnownFileType = sourcecode.c.objc; path = AboutViewController.m; sourceTree = "<group>"; };
		9FEE0B351A4929ED0054970D /* AboutViewController.xib */ = {isa = PBXFileReference; fileEncoding = 4; lastKnownFileType = file.xib; path = AboutViewController.xib; sourceTree = "<group>"; };
		9FEE0B381A4929FF0054970D /* FavoriteViewController.h */ = {isa = PBXFileReference; fileEncoding = 4; lastKnownFileType = sourcecode.c.h; path = FavoriteViewController.h; sourceTree = "<group>"; };
		9FEE0B391A4929FF0054970D /* FavoriteViewController.m */ = {isa = PBXFileReference; fileEncoding = 4; lastKnownFileType = sourcecode.c.objc; path = FavoriteViewController.m; sourceTree = "<group>"; };
		9FEE0B3A1A4929FF0054970D /* FavoriteViewController.xib */ = {isa = PBXFileReference; fileEncoding = 4; lastKnownFileType = file.xib; path = FavoriteViewController.xib; sourceTree = "<group>"; };
		9FEE0B3E1A494F750054970D /* ShareViewController.h */ = {isa = PBXFileReference; fileEncoding = 4; lastKnownFileType = sourcecode.c.h; path = ShareViewController.h; sourceTree = "<group>"; };
		9FEE0B3F1A494F750054970D /* ShareViewController.m */ = {isa = PBXFileReference; fileEncoding = 4; lastKnownFileType = sourcecode.c.objc; path = ShareViewController.m; sourceTree = "<group>"; };
		9FEE0B401A494F750054970D /* ShareViewController.xib */ = {isa = PBXFileReference; fileEncoding = 4; lastKnownFileType = file.xib; path = ShareViewController.xib; sourceTree = "<group>"; };
		9FEE0B5B1A49552A0054970D /* about_icon@2x.png */ = {isa = PBXFileReference; lastKnownFileType = image.png; path = "about_icon@2x.png"; sourceTree = "<group>"; };
		9FEE0B5C1A49552A0054970D /* favorite_icon@2x.png */ = {isa = PBXFileReference; lastKnownFileType = image.png; path = "favorite_icon@2x.png"; sourceTree = "<group>"; };
		9FEE0B5D1A49552A0054970D /* home_icon@2x.png */ = {isa = PBXFileReference; lastKnownFileType = image.png; path = "home_icon@2x.png"; sourceTree = "<group>"; };
		9FEE0B5E1A49552A0054970D /* menu_button@2x.png */ = {isa = PBXFileReference; lastKnownFileType = image.png; path = "menu_button@2x.png"; sourceTree = "<group>"; };
		9FEE0B5F1A49552A0054970D /* share_icon@2x.png */ = {isa = PBXFileReference; lastKnownFileType = image.png; path = "share_icon@2x.png"; sourceTree = "<group>"; };
		9FEE0B601A49552A0054970D /* you_icon@2x.png */ = {isa = PBXFileReference; lastKnownFileType = image.png; path = "you_icon@2x.png"; sourceTree = "<group>"; };
/* End PBXFileReference section */

/* Begin PBXFrameworksBuildPhase section */
		9F4B44A01A4851D9001AB8BA /* Frameworks */ = {
			isa = PBXFrameworksBuildPhase;
			buildActionMask = 2147483647;
			files = (
			);
			runOnlyForDeploymentPostprocessing = 0;
		};
		9F4B44BC1A4851D9001AB8BA /* Frameworks */ = {
			isa = PBXFrameworksBuildPhase;
			buildActionMask = 2147483647;
			files = (
			);
			runOnlyForDeploymentPostprocessing = 0;
		};
/* End PBXFrameworksBuildPhase section */

/* Begin PBXGroup section */
		9F4B449A1A4851D9001AB8BA = {
			isa = PBXGroup;
			children = (
				9F4B44A51A4851D9001AB8BA /* TaxiViet */,
				9F4B44C21A4851D9001AB8BA /* TaxiVietTests */,
				9F4B44A41A4851D9001AB8BA /* Products */,
			);
			sourceTree = "<group>";
		};
		9F4B44A41A4851D9001AB8BA /* Products */ = {
			isa = PBXGroup;
			children = (
				9F4B44A31A4851D9001AB8BA /* TaxiViet.app */,
				9F4B44BF1A4851D9001AB8BA /* TaxiVietTests.xctest */,
			);
			name = Products;
			sourceTree = "<group>";
		};
		9F4B44A51A4851D9001AB8BA /* TaxiViet */ = {
			isa = PBXGroup;
			children = (
				9FEE0B2C1A4928FB0054970D /* Images */,
				9FEE0B141A4927BB0054970D /* Controller */,
				9FEE0B1A1A4927BB0054970D /* Model */,
				9FEE0B231A4927BB0054970D /* Service */,
				9F4B44AA1A4851D9001AB8BA /* AppDelegate.h */,
				9F4B44AB1A4851D9001AB8BA /* AppDelegate.m */,
				9F4B44B31A4851D9001AB8BA /* Main.storyboard */,
				9F4B44B61A4851D9001AB8BA /* Images.xcassets */,
				9F4B44B81A4851D9001AB8BA /* LaunchScreen.xib */,
				9F4B44AD1A4851D9001AB8BA /* TaxiViet.xcdatamodeld */,
				9F4B44A61A4851D9001AB8BA /* Supporting Files */,
				9FEE0B2B1A4927CC0054970D /* Constant.h */,
			);
			path = TaxiViet;
			sourceTree = "<group>";
		};
		9F4B44A61A4851D9001AB8BA /* Supporting Files */ = {
			isa = PBXGroup;
			children = (
				9F4B44A71A4851D9001AB8BA /* Info.plist */,
				9F4B44A81A4851D9001AB8BA /* main.m */,
				9FEE0B131A4926C70054970D /* TaxiViet-Prefix.pch */,
			);
			name = "Supporting Files";
			sourceTree = "<group>";
		};
		9F4B44C21A4851D9001AB8BA /* TaxiVietTests */ = {
			isa = PBXGroup;
			children = (
				9F4B44C51A4851D9001AB8BA /* TaxiVietTests.m */,
				9F4B44C31A4851D9001AB8BA /* Supporting Files */,
			);
			path = TaxiVietTests;
			sourceTree = "<group>";
		};
		9F4B44C31A4851D9001AB8BA /* Supporting Files */ = {
			isa = PBXGroup;
			children = (
				9F4B44C41A4851D9001AB8BA /* Info.plist */,
			);
			name = "Supporting Files";
			sourceTree = "<group>";
		};
		9FEE0B141A4927BB0054970D /* Controller */ = {
			isa = PBXGroup;
			children = (
				9FEE0B151A4927BB0054970D /* MainViewController.h */,
				9FEE0B161A4927BB0054970D /* MainViewController.m */,
				9FEE0B171A4927BB0054970D /* MainViewController.xib */,
				9FEE0B331A4929ED0054970D /* AboutViewController.h */,
				9FEE0B341A4929ED0054970D /* AboutViewController.m */,
				9FEE0B351A4929ED0054970D /* AboutViewController.xib */,
				9FEE0B381A4929FF0054970D /* FavoriteViewController.h */,
				9FEE0B391A4929FF0054970D /* FavoriteViewController.m */,
				9FEE0B3A1A4929FF0054970D /* FavoriteViewController.xib */,
				9FEE0B3E1A494F750054970D /* ShareViewController.h */,
				9FEE0B3F1A494F750054970D /* ShareViewController.m */,
				9FEE0B401A494F750054970D /* ShareViewController.xib */,
			);
			path = Controller;
			sourceTree = "<group>";
		};
		9FEE0B1A1A4927BB0054970D /* Model */ = {
			isa = PBXGroup;
			children = (
				9FEE0B1B1A4927BB0054970D /* LeftVC.h */,
				9FEE0B1C1A4927BB0054970D /* LeftVC.m */,
				9FEE0B1D1A4927BB0054970D /* LRNavigationController.h */,
				9FEE0B1E1A4927BB0054970D /* LRNavigationController.m */,
				9FEE0B1F1A4927BB0054970D /* RightVC.h */,
				9FEE0B201A4927BB0054970D /* RightVC.m */,
				9FEE0B211A4927BB0054970D /* SliderViewController.h */,
				9FEE0B221A4927BB0054970D /* SliderViewController.m */,
			);
			path = Model;
			sourceTree = "<group>";
		};
		9FEE0B231A4927BB0054970D /* Service */ = {
			isa = PBXGroup;
			children = (
			);
			path = Service;
			sourceTree = "<group>";
		};
		9FEE0B2C1A4928FB0054970D /* Images */ = {
			isa = PBXGroup;
			children = (
				9FEE0B5B1A49552A0054970D /* about_icon@2x.png */,
				9FEE0B5C1A49552A0054970D /* favorite_icon@2x.png */,
				9FEE0B5D1A49552A0054970D /* home_icon@2x.png */,
				9FEE0B5E1A49552A0054970D /* menu_button@2x.png */,
				9FEE0B5F1A49552A0054970D /* share_icon@2x.png */,
				9FEE0B601A49552A0054970D /* you_icon@2x.png */,
				9FEE0B2D1A4928FB0054970D /* 1111.png */,
				9FEE0B2E1A4928FB0054970D /* 2222.png */,
				9FEE0B2F1A4928FB0054970D /* 3333.png */,
			);
			path = Images;
			sourceTree = "<group>";
		};
/* End PBXGroup section */

/* Begin PBXNativeTarget section */
		9F4B44A21A4851D9001AB8BA /* TaxiViet */ = {
			isa = PBXNativeTarget;
			buildConfigurationList = 9F4B44C91A4851D9001AB8BA /* Build configuration list for PBXNativeTarget "TaxiViet" */;
			buildPhases = (
				9F4B449F1A4851D9001AB8BA /* Sources */,
				9F4B44A01A4851D9001AB8BA /* Frameworks */,
				9F4B44A11A4851D9001AB8BA /* Resources */,
			);
			buildRules = (
			);
			dependencies = (
			);
			name = TaxiViet;
			productName = TaxiViet;
			productReference = 9F4B44A31A4851D9001AB8BA /* TaxiViet.app */;
			productType = "com.apple.product-type.application";
		};
		9F4B44BE1A4851D9001AB8BA /* TaxiVietTests */ = {
			isa = PBXNativeTarget;
			buildConfigurationList = 9F4B44CC1A4851D9001AB8BA /* Build configuration list for PBXNativeTarget "TaxiVietTests" */;
			buildPhases = (
				9F4B44BB1A4851D9001AB8BA /* Sources */,
				9F4B44BC1A4851D9001AB8BA /* Frameworks */,
				9F4B44BD1A4851D9001AB8BA /* Resources */,
			);
			buildRules = (
			);
			dependencies = (
				9F4B44C11A4851D9001AB8BA /* PBXTargetDependency */,
			);
			name = TaxiVietTests;
			productName = TaxiVietTests;
			productReference = 9F4B44BF1A4851D9001AB8BA /* TaxiVietTests.xctest */;
			productType = "com.apple.product-type.bundle.unit-test";
		};
/* End PBXNativeTarget section */

/* Begin PBXProject section */
		9F4B449B1A4851D9001AB8BA /* Project object */ = {
			isa = PBXProject;
			attributes = {
				LastUpgradeCheck = 0610;
				ORGANIZATIONNAME = PhamHuuPhuong;
				TargetAttributes = {
					9F4B44A21A4851D9001AB8BA = {
						CreatedOnToolsVersion = 6.1;
					};
					9F4B44BE1A4851D9001AB8BA = {
						CreatedOnToolsVersion = 6.1;
						TestTargetID = 9F4B44A21A4851D9001AB8BA;
					};
				};
			};
			buildConfigurationList = 9F4B449E1A4851D9001AB8BA /* Build configuration list for PBXProject "TaxiViet" */;
			compatibilityVersion = "Xcode 3.2";
			developmentRegion = English;
			hasScannedForEncodings = 0;
			knownRegions = (
				en,
				Base,
			);
			mainGroup = 9F4B449A1A4851D9001AB8BA;
			productRefGroup = 9F4B44A41A4851D9001AB8BA /* Products */;
			projectDirPath = "";
			projectRoot = "";
			targets = (
				9F4B44A21A4851D9001AB8BA /* TaxiViet */,
				9F4B44BE1A4851D9001AB8BA /* TaxiVietTests */,
			);
		};
/* End PBXProject section */

/* Begin PBXResourcesBuildPhase section */
		9F4B44A11A4851D9001AB8BA /* Resources */ = {
			isa = PBXResourcesBuildPhase;
			buildActionMask = 2147483647;
			files = (
				9FEE0B421A494F750054970D /* ShareViewController.xib in Resources */,
				9FEE0B661A49552A0054970D /* you_icon@2x.png in Resources */,
				9F4B44B51A4851D9001AB8BA /* Main.storyboard in Resources */,
				9F4B44BA1A4851D9001AB8BA /* LaunchScreen.xib in Resources */,
				9FEE0B371A4929ED0054970D /* AboutViewController.xib in Resources */,
				9FEE0B301A4928FB0054970D /* 1111.png in Resources */,
				9FEE0B641A49552A0054970D /* menu_button@2x.png in Resources */,
				9FEE0B621A49552A0054970D /* favorite_icon@2x.png in Resources */,
				9FEE0B321A4928FB0054970D /* 3333.png in Resources */,
				9FEE0B631A49552A0054970D /* home_icon@2x.png in Resources */,
				9FEE0B311A4928FB0054970D /* 2222.png in Resources */,
				9FEE0B651A49552A0054970D /* share_icon@2x.png in Resources */,
				9FEE0B611A49552A0054970D /* about_icon@2x.png in Resources */,
				9F4B44B71A4851D9001AB8BA /* Images.xcassets in Resources */,
				9FEE0B251A4927BB0054970D /* MainViewController.xib in Resources */,
				9FEE0B3C1A4929FF0054970D /* FavoriteViewController.xib in Resources */,
			);
			runOnlyForDeploymentPostprocessing = 0;
		};
		9F4B44BD1A4851D9001AB8BA /* Resources */ = {
			isa = PBXResourcesBuildPhase;
			buildActionMask = 2147483647;
			files = (
			);
			runOnlyForDeploymentPostprocessing = 0;
		};
/* End PBXResourcesBuildPhase section */

/* Begin PBXSourcesBuildPhase section */
		9F4B449F1A4851D9001AB8BA /* Sources */ = {
			isa = PBXSourcesBuildPhase;
			buildActionMask = 2147483647;
			files = (
				9FEE0B3B1A4929FF0054970D /* FavoriteViewController.m in Sources */,
				9FEE0B361A4929ED0054970D /* AboutViewController.m in Sources */,
				9FEE0B411A494F750054970D /* ShareViewController.m in Sources */,
				9FEE0B281A4927BB0054970D /* LRNavigationController.m in Sources */,
				9F4B44AF1A4851D9001AB8BA /* TaxiViet.xcdatamodeld in Sources */,
				9F4B44AC1A4851D9001AB8BA /* AppDelegate.m in Sources */,
				9FEE0B291A4927BB0054970D /* RightVC.m in Sources */,
				9F4B44A91A4851D9001AB8BA /* main.m in Sources */,
				9FEE0B271A4927BB0054970D /* LeftVC.m in Sources */,
				9FEE0B241A4927BB0054970D /* MainViewController.m in Sources */,
				9FEE0B2A1A4927BB0054970D /* SliderViewController.m in Sources */,
			);
			runOnlyForDeploymentPostprocessing = 0;
		};
		9F4B44BB1A4851D9001AB8BA /* Sources */ = {
			isa = PBXSourcesBuildPhase;
			buildActionMask = 2147483647;
			files = (
				9F4B44C61A4851D9001AB8BA /* TaxiVietTests.m in Sources */,
			);
			runOnlyForDeploymentPostprocessing = 0;
		};
/* End PBXSourcesBuildPhase section */

/* Begin PBXTargetDependency section */
		9F4B44C11A4851D9001AB8BA /* PBXTargetDependency */ = {
			isa = PBXTargetDependency;
			target = 9F4B44A21A4851D9001AB8BA /* TaxiViet */;
			targetProxy = 9F4B44C01A4851D9001AB8BA /* PBXContainerItemProxy */;
		};
/* End PBXTargetDependency section */

/* Begin PBXVariantGroup section */
		9F4B44B31A4851D9001AB8BA /* Main.storyboard */ = {
			isa = PBXVariantGroup;
			children = (
				9F4B44B41A4851D9001AB8BA /* Base */,
			);
			name = Main.storyboard;
			sourceTree = "<group>";
		};
		9F4B44B81A4851D9001AB8BA /* LaunchScreen.xib */ = {
			isa = PBXVariantGroup;
			children = (
				9F4B44B91A4851D9001AB8BA /* Base */,
			);
			name = LaunchScreen.xib;
			sourceTree = "<group>";
		};
/* End PBXVariantGroup section */

/* Begin XCBuildConfiguration section */
		9F4B44C71A4851D9001AB8BA /* Debug */ = {
			isa = XCBuildConfiguration;
			buildSettings = {
				ALWAYS_SEARCH_USER_PATHS = NO;
				CLANG_CXX_LANGUAGE_STANDARD = "gnu++0x";
				CLANG_CXX_LIBRARY = "libc++";
				CLANG_ENABLE_MODULES = YES;
				CLANG_ENABLE_OBJC_ARC = YES;
				CLANG_WARN_BOOL_CONVERSION = YES;
				CLANG_WARN_CONSTANT_CONVERSION = YES;
				CLANG_WARN_DIRECT_OBJC_ISA_USAGE = YES_ERROR;
				CLANG_WARN_EMPTY_BODY = YES;
				CLANG_WARN_ENUM_CONVERSION = YES;
				CLANG_WARN_INT_CONVERSION = YES;
				CLANG_WARN_OBJC_ROOT_CLASS = YES_ERROR;
				CLANG_WARN_UNREACHABLE_CODE = YES;
				CLANG_WARN__DUPLICATE_METHOD_MATCH = YES;
				"CODE_SIGN_IDENTITY[sdk=iphoneos*]" = "iPhone Developer";
				COPY_PHASE_STRIP = NO;
				ENABLE_STRICT_OBJC_MSGSEND = YES;
				GCC_C_LANGUAGE_STANDARD = gnu99;
				GCC_DYNAMIC_NO_PIC = NO;
				GCC_OPTIMIZATION_LEVEL = 0;
				GCC_PREPROCESSOR_DEFINITIONS = (
					"DEBUG=1",
					"$(inherited)",
				);
				GCC_SYMBOLS_PRIVATE_EXTERN = NO;
				GCC_WARN_64_TO_32_BIT_CONVERSION = YES;
				GCC_WARN_ABOUT_RETURN_TYPE = YES_ERROR;
				GCC_WARN_UNDECLARED_SELECTOR = YES;
				GCC_WARN_UNINITIALIZED_AUTOS = YES_AGGRESSIVE;
				GCC_WARN_UNUSED_FUNCTION = YES;
				GCC_WARN_UNUSED_VARIABLE = YES;
				IPHONEOS_DEPLOYMENT_TARGET = 8.1;
				MTL_ENABLE_DEBUG_INFO = YES;
				ONLY_ACTIVE_ARCH = YES;
				SDKROOT = iphoneos;
			};
			name = Debug;
		};
		9F4B44C81A4851D9001AB8BA /* Release */ = {
			isa = XCBuildConfiguration;
			buildSettings = {
				ALWAYS_SEARCH_USER_PATHS = NO;
				CLANG_CXX_LANGUAGE_STANDARD = "gnu++0x";
				CLANG_CXX_LIBRARY = "libc++";
				CLANG_ENABLE_MODULES = YES;
				CLANG_ENABLE_OBJC_ARC = YES;
				CLANG_WARN_BOOL_CONVERSION = YES;
				CLANG_WARN_CONSTANT_CONVERSION = YES;
				CLANG_WARN_DIRECT_OBJC_ISA_USAGE = YES_ERROR;
				CLANG_WARN_EMPTY_BODY = YES;
				CLANG_WARN_ENUM_CONVERSION = YES;
				CLANG_WARN_INT_CONVERSION = YES;
				CLANG_WARN_OBJC_ROOT_CLASS = YES_ERROR;
				CLANG_WARN_UNREACHABLE_CODE = YES;
				CLANG_WARN__DUPLICATE_METHOD_MATCH = YES;
				"CODE_SIGN_IDENTITY[sdk=iphoneos*]" = "iPhone Developer";
				COPY_PHASE_STRIP = YES;
				ENABLE_NS_ASSERTIONS = NO;
				ENABLE_STRICT_OBJC_MSGSEND = YES;
				GCC_C_LANGUAGE_STANDARD = gnu99;
				GCC_WARN_64_TO_32_BIT_CONVERSION = YES;
				GCC_WARN_ABOUT_RETURN_TYPE = YES_ERROR;
				GCC_WARN_UNDECLARED_SELECTOR = YES;
				GCC_WARN_UNINITIALIZED_AUTOS = YES_AGGRESSIVE;
				GCC_WARN_UNUSED_FUNCTION = YES;
				GCC_WARN_UNUSED_VARIABLE = YES;
				IPHONEOS_DEPLOYMENT_TARGET = 8.1;
				MTL_ENABLE_DEBUG_INFO = NO;
				SDKROOT = iphoneos;
				VALIDATE_PRODUCT = YES;
			};
			name = Release;
		};
		9F4B44CA1A4851D9001AB8BA /* Debug */ = {
			isa = XCBuildConfiguration;
			buildSettings = {
				ASSETCATALOG_COMPILER_APPICON_NAME = AppIcon;
				GCC_PREFIX_HEADER = "TaxiViet/TaxiViet-Prefix.pch";
				INFOPLIST_FILE = TaxiViet/Info.plist;
				IPHONEOS_DEPLOYMENT_TARGET = 7.0;
				LD_RUNPATH_SEARCH_PATHS = "$(inherited) @executable_path/Frameworks";
				PRODUCT_NAME = "$(TARGET_NAME)";
			};
			name = Debug;
		};
		9F4B44CB1A4851D9001AB8BA /* Release */ = {
			isa = XCBuildConfiguration;
			buildSettings = {
				ASSETCATALOG_COMPILER_APPICON_NAME = AppIcon;
				GCC_PREFIX_HEADER = "TaxiViet/TaxiViet-Prefix.pch";
				INFOPLIST_FILE = TaxiViet/Info.plist;
				IPHONEOS_DEPLOYMENT_TARGET = 7.0;
				LD_RUNPATH_SEARCH_PATHS = "$(inherited) @executable_path/Frameworks";
				PRODUCT_NAME = "$(TARGET_NAME)";
			};
			name = Release;
		};
		9F4B44CD1A4851D9001AB8BA /* Debug */ = {
			isa = XCBuildConfiguration;
			buildSettings = {
				BUNDLE_LOADER = "$(TEST_HOST)";
				FRAMEWORK_SEARCH_PATHS = (
					"$(SDKROOT)/Developer/Library/Frameworks",
					"$(inherited)",
				);
				GCC_PREPROCESSOR_DEFINITIONS = (
					"DEBUG=1",
					"$(inherited)",
				);
				INFOPLIST_FILE = TaxiVietTests/Info.plist;
				LD_RUNPATH_SEARCH_PATHS = "$(inherited) @executable_path/Frameworks @loader_path/Frameworks";
				PRODUCT_NAME = "$(TARGET_NAME)";
				TEST_HOST = "$(BUILT_PRODUCTS_DIR)/TaxiViet.app/TaxiViet";
			};
			name = Debug;
		};
		9F4B44CE1A4851D9001AB8BA /* Release */ = {
			isa = XCBuildConfiguration;
			buildSettings = {
				BUNDLE_LOADER = "$(TEST_HOST)";
				FRAMEWORK_SEARCH_PATHS = (
					"$(SDKROOT)/Developer/Library/Frameworks",
					"$(inherited)",
				);
				INFOPLIST_FILE = TaxiVietTests/Info.plist;
				LD_RUNPATH_SEARCH_PATHS = "$(inherited) @executable_path/Frameworks @loader_path/Frameworks";
				PRODUCT_NAME = "$(TARGET_NAME)";
				TEST_HOST = "$(BUILT_PRODUCTS_DIR)/TaxiViet.app/TaxiViet";
			};
			name = Release;
		};
/* End XCBuildConfiguration section */

/* Begin XCConfigurationList section */
		9F4B449E1A4851D9001AB8BA /* Build configuration list for PBXProject "TaxiViet" */ = {
			isa = XCConfigurationList;
			buildConfigurations = (
				9F4B44C71A4851D9001AB8BA /* Debug */,
				9F4B44C81A4851D9001AB8BA /* Release */,
			);
			defaultConfigurationIsVisible = 0;
			defaultConfigurationName = Release;
		};
		9F4B44C91A4851D9001AB8BA /* Build configuration list for PBXNativeTarget "TaxiViet" */ = {
			isa = XCConfigurationList;
			buildConfigurations = (
				9F4B44CA1A4851D9001AB8BA /* Debug */,
				9F4B44CB1A4851D9001AB8BA /* Release */,
			);
			defaultConfigurationIsVisible = 0;
			defaultConfigurationName = Release;
		};
		9F4B44CC1A4851D9001AB8BA /* Build configuration list for PBXNativeTarget "TaxiVietTests" */ = {
			isa = XCConfigurationList;
			buildConfigurations = (
				9F4B44CD1A4851D9001AB8BA /* Debug */,
				9F4B44CE1A4851D9001AB8BA /* Release */,
			);
			defaultConfigurationIsVisible = 0;
			defaultConfigurationName = Release;
		};
/* End XCConfigurationList section */

/* Begin XCVersionGroup section */
		9F4B44AD1A4851D9001AB8BA /* TaxiViet.xcdatamodeld */ = {
			isa = XCVersionGroup;
			children = (
				9F4B44AE1A4851D9001AB8BA /* TaxiViet.xcdatamodel */,
			);
			currentVersion = 9F4B44AE1A4851D9001AB8BA /* TaxiViet.xcdatamodel */;
			path = TaxiViet.xcdatamodeld;
			sourceTree = "<group>";
			versionGroupType = wrapper.xcdatamodel;
		};
/* End XCVersionGroup section */
	};
	rootObject = 9F4B449B1A4851D9001AB8BA /* Project object */;
}
